// !$*UTF8*$!
{
	archiveVersion = 1;
	classes = {
	};
	objectVersion = 56;
	objects = {

/* Begin PBXBuildFile section */
		D32F27162B562589001173F2 /* UIColor+Ext.swift in Sources */ = {isa = PBXBuildFile; fileRef = D32F27152B562589001173F2 /* UIColor+Ext.swift */; };
		D32F27182B5627EE001173F2 /* MapViewController.swift in Sources */ = {isa = PBXBuildFile; fileRef = D32F27172B5627EE001173F2 /* MapViewController.swift */; };
		D342123D2B5596AB00223A71 /* YouBikeInfoTableViewCell.swift in Sources */ = {isa = PBXBuildFile; fileRef = D342123B2B5596AB00223A71 /* YouBikeInfoTableViewCell.swift */; };
		D342123E2B5596AB00223A71 /* YouBikeInfoTableViewCell.xib in Resources */ = {isa = PBXBuildFile; fileRef = D342123C2B5596AB00223A71 /* YouBikeInfoTableViewCell.xib */; };
		D358A5CE2B54E62800A6AB1E /* FirstViewController.swift in Sources */ = {isa = PBXBuildFile; fileRef = D358A5CD2B54E62800A6AB1E /* FirstViewController.swift */; };
		D358A5D12B54E6B400A6AB1E /* Model.swift in Sources */ = {isa = PBXBuildFile; fileRef = D358A5D02B54E6B400A6AB1E /* Model.swift */; };
		EB42C1FA2B542AD1004C4987 /* AppDelegate.swift in Sources */ = {isa = PBXBuildFile; fileRef = EB42C1F92B542AD1004C4987 /* AppDelegate.swift */; };
		EB42C1FC2B542AD1004C4987 /* SceneDelegate.swift in Sources */ = {isa = PBXBuildFile; fileRef = EB42C1FB2B542AD1004C4987 /* SceneDelegate.swift */; };
		EB42C2012B542AD1004C4987 /* Main.storyboard in Resources */ = {isa = PBXBuildFile; fileRef = EB42C1FF2B542AD1004C4987 /* Main.storyboard */; };
		EB42C2032B542AD1004C4987 /* Assets.xcassets in Resources */ = {isa = PBXBuildFile; fileRef = EB42C2022B542AD1004C4987 /* Assets.xcassets */; };
		EB42C2062B542AD1004C4987 /* LaunchScreen.storyboard in Resources */ = {isa = PBXBuildFile; fileRef = EB42C2042B542AD1004C4987 /* LaunchScreen.storyboard */; };
		EB42C2112B542AD2004C4987 /* HW_44_JSON_DecoderTests.swift in Sources */ = {isa = PBXBuildFile; fileRef = EB42C2102B542AD2004C4987 /* HW_44_JSON_DecoderTests.swift */; };
		EB42C21B2B542AD2004C4987 /* HW_44_JSON_DecoderUITests.swift in Sources */ = {isa = PBXBuildFile; fileRef = EB42C21A2B542AD2004C4987 /* HW_44_JSON_DecoderUITests.swift */; };
		EB42C21D2B542AD2004C4987 /* HW_44_JSON_DecoderUITestsLaunchTests.swift in Sources */ = {isa = PBXBuildFile; fileRef = EB42C21C2B542AD2004C4987 /* HW_44_JSON_DecoderUITestsLaunchTests.swift */; };
		EB42C22A2B542CE1004C4987 /* JSON.File.swift in Sources */ = {isa = PBXBuildFile; fileRef = EB42C2292B542CE1004C4987 /* JSON.File.swift */; };
/* End PBXBuildFile section */

/* Begin PBXContainerItemProxy section */
		EB42C20D2B542AD1004C4987 /* PBXContainerItemProxy */ = {
			isa = PBXContainerItemProxy;
			containerPortal = EB42C1EE2B542AD1004C4987 /* Project object */;
			proxyType = 1;
			remoteGlobalIDString = EB42C1F52B542AD1004C4987;
			remoteInfo = "HW#44-JSON Decoder";
		};
		EB42C2172B542AD2004C4987 /* PBXContainerItemProxy */ = {
			isa = PBXContainerItemProxy;
			containerPortal = EB42C1EE2B542AD1004C4987 /* Project object */;
			proxyType = 1;
			remoteGlobalIDString = EB42C1F52B542AD1004C4987;
			remoteInfo = "HW#44-JSON Decoder";
		};
/* End PBXContainerItemProxy section */

/* Begin PBXFileReference section */
		D32F27152B562589001173F2 /* UIColor+Ext.swift */ = {isa = PBXFileReference; lastKnownFileType = sourcecode.swift; path = "UIColor+Ext.swift"; sourceTree = "<group>"; };
		D32F27172B5627EE001173F2 /* MapViewController.swift */ = {isa = PBXFileReference; lastKnownFileType = sourcecode.swift; path = MapViewController.swift; sourceTree = "<group>"; };
		D342123B2B5596AB00223A71 /* YouBikeInfoTableViewCell.swift */ = {isa = PBXFileReference; lastKnownFileType = sourcecode.swift; path = YouBikeInfoTableViewCell.swift; sourceTree = "<group>"; };
		D342123C2B5596AB00223A71 /* YouBikeInfoTableViewCell.xib */ = {isa = PBXFileReference; lastKnownFileType = file.xib; path = YouBikeInfoTableViewCell.xib; sourceTree = "<group>"; };
		D358A5CD2B54E62800A6AB1E /* FirstViewController.swift */ = {isa = PBXFileReference; lastKnownFileType = sourcecode.swift; path = FirstViewController.swift; sourceTree = "<group>"; };
		D358A5D02B54E6B400A6AB1E /* Model.swift */ = {isa = PBXFileReference; lastKnownFileType = sourcecode.swift; path = Model.swift; sourceTree = "<group>"; };
		EB42C1F62B542AD1004C4987 /* HW#44-JSON Decoder.app */ = {isa = PBXFileReference; explicitFileType = wrapper.application; includeInIndex = 0; path = "HW#44-JSON Decoder.app"; sourceTree = BUILT_PRODUCTS_DIR; };
		EB42C1F92B542AD1004C4987 /* AppDelegate.swift */ = {isa = PBXFileReference; lastKnownFileType = sourcecode.swift; path = AppDelegate.swift; sourceTree = "<group>"; };
		EB42C1FB2B542AD1004C4987 /* SceneDelegate.swift */ = {isa = PBXFileReference; lastKnownFileType = sourcecode.swift; path = SceneDelegate.swift; sourceTree = "<group>"; };
		EB42C2002B542AD1004C4987 /* Base */ = {isa = PBXFileReference; lastKnownFileType = file.storyboard; name = Base; path = Base.lproj/Main.storyboard; sourceTree = "<group>"; };
		EB42C2022B542AD1004C4987 /* Assets.xcassets */ = {isa = PBXFileReference; lastKnownFileType = folder.assetcatalog; path = Assets.xcassets; sourceTree = "<group>"; };
		EB42C2052B542AD1004C4987 /* Base */ = {isa = PBXFileReference; lastKnownFileType = file.storyboard; name = Base; path = Base.lproj/LaunchScreen.storyboard; sourceTree = "<group>"; };
		EB42C2072B542AD1004C4987 /* Info.plist */ = {isa = PBXFileReference; lastKnownFileType = text.plist.xml; path = Info.plist; sourceTree = "<group>"; };
		EB42C20C2B542AD1004C4987 /* HW#44-JSON DecoderTests.xctest */ = {isa = PBXFileReference; explicitFileType = wrapper.cfbundle; includeInIndex = 0; path = "HW#44-JSON DecoderTests.xctest"; sourceTree = BUILT_PRODUCTS_DIR; };
		EB42C2102B542AD2004C4987 /* HW_44_JSON_DecoderTests.swift */ = {isa = PBXFileReference; lastKnownFileType = sourcecode.swift; path = HW_44_JSON_DecoderTests.swift; sourceTree = "<group>"; };
		EB42C2162B542AD2004C4987 /* HW#44-JSON DecoderUITests.xctest */ = {isa = PBXFileReference; explicitFileType = wrapper.cfbundle; includeInIndex = 0; path = "HW#44-JSON DecoderUITests.xctest"; sourceTree = BUILT_PRODUCTS_DIR; };
		EB42C21A2B542AD2004C4987 /* HW_44_JSON_DecoderUITests.swift */ = {isa = PBXFileReference; lastKnownFileType = sourcecode.swift; path = HW_44_JSON_DecoderUITests.swift; sourceTree = "<group>"; };
		EB42C21C2B542AD2004C4987 /* HW_44_JSON_DecoderUITestsLaunchTests.swift */ = {isa = PBXFileReference; lastKnownFileType = sourcecode.swift; path = HW_44_JSON_DecoderUITestsLaunchTests.swift; sourceTree = "<group>"; };
		EB42C2292B542CE1004C4987 /* JSON.File.swift */ = {isa = PBXFileReference; lastKnownFileType = sourcecode.swift; path = JSON.File.swift; sourceTree = "<group>"; };
/* End PBXFileReference section */

/* Begin PBXFrameworksBuildPhase section */
		EB42C1F32B542AD1004C4987 /* Frameworks */ = {
			isa = PBXFrameworksBuildPhase;
			buildActionMask = 2147483647;
			files = (
			);
			runOnlyForDeploymentPostprocessing = 0;
		};
		EB42C2092B542AD1004C4987 /* Frameworks */ = {
			isa = PBXFrameworksBuildPhase;
			buildActionMask = 2147483647;
			files = (
			);
			runOnlyForDeploymentPostprocessing = 0;
		};
		EB42C2132B542AD2004C4987 /* Frameworks */ = {
			isa = PBXFrameworksBuildPhase;
			buildActionMask = 2147483647;
			files = (
			);
			runOnlyForDeploymentPostprocessing = 0;
		};
/* End PBXFrameworksBuildPhase section */

/* Begin PBXGroup section */
		D342123F2B5597C500223A71 /* Model */ = {
			isa = PBXGroup;
			children = (
				D358A5D02B54E6B400A6AB1E /* Model.swift */,
			);
			path = Model;
			sourceTree = "<group>";
		};
		D34212402B5597CE00223A71 /* Data */ = {
			isa = PBXGroup;
			children = (
				EB42C2292B542CE1004C4987 /* JSON.File.swift */,
			);
			path = Data;
			sourceTree = "<group>";
		};
		D34212412B5597D900223A71 /* YouBikeInfoTableViewCell */ = {
			isa = PBXGroup;
			children = (
				D342123B2B5596AB00223A71 /* YouBikeInfoTableViewCell.swift */,
				D342123C2B5596AB00223A71 /* YouBikeInfoTableViewCell.xib */,
			);
			path = YouBikeInfoTableViewCell;
			sourceTree = "<group>";
		};
		D358A5CF2B54E64F00A6AB1E /* Supporting Files */ = {
			isa = PBXGroup;
			children = (
				EB42C1F92B542AD1004C4987 /* AppDelegate.swift */,
				EB42C1FB2B542AD1004C4987 /* SceneDelegate.swift */,
				EB42C1FF2B542AD1004C4987 /* Main.storyboard */,
				EB42C2022B542AD1004C4987 /* Assets.xcassets */,
				EB42C2042B542AD1004C4987 /* LaunchScreen.storyboard */,
			);
			path = "Supporting Files";
			sourceTree = "<group>";
		};
		EB42C1ED2B542AD1004C4987 = {
			isa = PBXGroup;
			children = (
				EB42C1F82B542AD1004C4987 /* HW#44-JSON Decoder */,
				EB42C20F2B542AD2004C4987 /* HW#44-JSON DecoderTests */,
				EB42C2192B542AD2004C4987 /* HW#44-JSON DecoderUITests */,
				EB42C1F72B542AD1004C4987 /* Products */,
			);
			sourceTree = "<group>";
		};
		EB42C1F72B542AD1004C4987 /* Products */ = {
			isa = PBXGroup;
			children = (
				EB42C1F62B542AD1004C4987 /* HW#44-JSON Decoder.app */,
				EB42C20C2B542AD1004C4987 /* HW#44-JSON DecoderTests.xctest */,
				EB42C2162B542AD2004C4987 /* HW#44-JSON DecoderUITests.xctest */,
			);
			name = Products;
			sourceTree = "<group>";
		};
		EB42C1F82B542AD1004C4987 /* HW#44-JSON Decoder */ = {
			isa = PBXGroup;
			children = (
				D358A5CF2B54E64F00A6AB1E /* Supporting Files */,
				D358A5CD2B54E62800A6AB1E /* FirstViewController.swift */,
				D32F27172B5627EE001173F2 /* MapViewController.swift */,
				D34212412B5597D900223A71 /* YouBikeInfoTableViewCell */,
				D342123F2B5597C500223A71 /* Model */,
				D34212402B5597CE00223A71 /* Data */,
				EB42C2072B542AD1004C4987 /* Info.plist */,
				D32F27152B562589001173F2 /* UIColor+Ext.swift */,
			);
			path = "HW#44-JSON Decoder";
			sourceTree = "<group>";
		};
		EB42C20F2B542AD2004C4987 /* HW#44-JSON DecoderTests */ = {
			isa = PBXGroup;
			children = (
				EB42C2102B542AD2004C4987 /* HW_44_JSON_DecoderTests.swift */,
			);
			path = "HW#44-JSON DecoderTests";
			sourceTree = "<group>";
		};
		EB42C2192B542AD2004C4987 /* HW#44-JSON DecoderUITests */ = {
			isa = PBXGroup;
			children = (
				EB42C21A2B542AD2004C4987 /* HW_44_JSON_DecoderUITests.swift */,
				EB42C21C2B542AD2004C4987 /* HW_44_JSON_DecoderUITestsLaunchTests.swift */,
			);
			path = "HW#44-JSON DecoderUITests";
			sourceTree = "<group>";
		};
/* End PBXGroup section */

/* Begin PBXNativeTarget section */
		EB42C1F52B542AD1004C4987 /* HW#44-JSON Decoder */ = {
			isa = PBXNativeTarget;
			buildConfigurationList = EB42C2202B542AD2004C4987 /* Build configuration list for PBXNativeTarget "HW#44-JSON Decoder" */;
			buildPhases = (
				EB42C1F22B542AD1004C4987 /* Sources */,
				EB42C1F32B542AD1004C4987 /* Frameworks */,
				EB42C1F42B542AD1004C4987 /* Resources */,
			);
			buildRules = (
			);
			dependencies = (
			);
			name = "HW#44-JSON Decoder";
			productName = "HW#44-JSON Decoder";
			productReference = EB42C1F62B542AD1004C4987 /* HW#44-JSON Decoder.app */;
			productType = "com.apple.product-type.application";
		};
		EB42C20B2B542AD1004C4987 /* HW#44-JSON DecoderTests */ = {
			isa = PBXNativeTarget;
			buildConfigurationList = EB42C2232B542AD2004C4987 /* Build configuration list for PBXNativeTarget "HW#44-JSON DecoderTests" */;
			buildPhases = (
				EB42C2082B542AD1004C4987 /* Sources */,
				EB42C2092B542AD1004C4987 /* Frameworks */,
				EB42C20A2B542AD1004C4987 /* Resources */,
			);
			buildRules = (
			);
			dependencies = (
				EB42C20E2B542AD1004C4987 /* PBXTargetDependency */,
			);
			name = "HW#44-JSON DecoderTests";
			productName = "HW#44-JSON DecoderTests";
			productReference = EB42C20C2B542AD1004C4987 /* HW#44-JSON DecoderTests.xctest */;
			productType = "com.apple.product-type.bundle.unit-test";
		};
		EB42C2152B542AD2004C4987 /* HW#44-JSON DecoderUITests */ = {
			isa = PBXNativeTarget;
			buildConfigurationList = EB42C2262B542AD2004C4987 /* Build configuration list for PBXNativeTarget "HW#44-JSON DecoderUITests" */;
			buildPhases = (
				EB42C2122B542AD2004C4987 /* Sources */,
				EB42C2132B542AD2004C4987 /* Frameworks */,
				EB42C2142B542AD2004C4987 /* Resources */,
			);
			buildRules = (
			);
			dependencies = (
				EB42C2182B542AD2004C4987 /* PBXTargetDependency */,
			);
			name = "HW#44-JSON DecoderUITests";
			productName = "HW#44-JSON DecoderUITests";
			productReference = EB42C2162B542AD2004C4987 /* HW#44-JSON DecoderUITests.xctest */;
			productType = "com.apple.product-type.bundle.ui-testing";
		};
/* End PBXNativeTarget section */

/* Begin PBXProject section */
		EB42C1EE2B542AD1004C4987 /* Project object */ = {
			isa = PBXProject;
			attributes = {
				BuildIndependentTargetsInParallel = 1;
				LastSwiftUpdateCheck = 1510;
				LastUpgradeCheck = 1510;
				TargetAttributes = {
					EB42C1F52B542AD1004C4987 = {
						CreatedOnToolsVersion = 15.1;
					};
					EB42C20B2B542AD1004C4987 = {
						CreatedOnToolsVersion = 15.1;
						TestTargetID = EB42C1F52B542AD1004C4987;
					};
					EB42C2152B542AD2004C4987 = {
						CreatedOnToolsVersion = 15.1;
						TestTargetID = EB42C1F52B542AD1004C4987;
					};
				};
			};
			buildConfigurationList = EB42C1F12B542AD1004C4987 /* Build configuration list for PBXProject "HW#44-JSON Decoder" */;
			compatibilityVersion = "Xcode 14.0";
			developmentRegion = en;
			hasScannedForEncodings = 0;
			knownRegions = (
				en,
				Base,
			);
			mainGroup = EB42C1ED2B542AD1004C4987;
			productRefGroup = EB42C1F72B542AD1004C4987 /* Products */;
			projectDirPath = "";
			projectRoot = "";
			targets = (
				EB42C1F52B542AD1004C4987 /* HW#44-JSON Decoder */,
				EB42C20B2B542AD1004C4987 /* HW#44-JSON DecoderTests */,
				EB42C2152B542AD2004C4987 /* HW#44-JSON DecoderUITests */,
			);
		};
/* End PBXProject section */

/* Begin PBXResourcesBuildPhase section */
		EB42C1F42B542AD1004C4987 /* Resources */ = {
			isa = PBXResourcesBuildPhase;
			buildActionMask = 2147483647;
			files = (
				D342123E2B5596AB00223A71 /* YouBikeInfoTableViewCell.xib in Resources */,
				EB42C2062B542AD1004C4987 /* LaunchScreen.storyboard in Resources */,
				EB42C2032B542AD1004C4987 /* Assets.xcassets in Resources */,
				EB42C2012B542AD1004C4987 /* Main.storyboard in Resources */,
			);
			runOnlyForDeploymentPostprocessing = 0;
		};
		EB42C20A2B542AD1004C4987 /* Resources */ = {
			isa = PBXResourcesBuildPhase;
			buildActionMask = 2147483647;
			files = (
			);
			runOnlyForDeploymentPostprocessing = 0;
		};
		EB42C2142B542AD2004C4987 /* Resources */ = {
			isa = PBXResourcesBuildPhase;
			buildActionMask = 2147483647;
			files = (
			);
			runOnlyForDeploymentPostprocessing = 0;
		};
/* End PBXResourcesBuildPhase section */

/* Begin PBXSourcesBuildPhase section */
		EB42C1F22B542AD1004C4987 /* Sources */ = {
			isa = PBXSourcesBuildPhase;
			buildActionMask = 2147483647;
			files = (
				D32F27162B562589001173F2 /* UIColor+Ext.swift in Sources */,
				D342123D2B5596AB00223A71 /* YouBikeInfoTableViewCell.swift in Sources */,
				D358A5D12B54E6B400A6AB1E /* Model.swift in Sources */,
				D358A5CE2B54E62800A6AB1E /* FirstViewController.swift in Sources */,
				EB42C1FA2B542AD1004C4987 /* AppDelegate.swift in Sources */,
				EB42C22A2B542CE1004C4987 /* JSON.File.swift in Sources */,
				EB42C1FC2B542AD1004C4987 /* SceneDelegate.swift in Sources */,
				D32F27182B5627EE001173F2 /* MapViewController.swift in Sources */,
			);
			runOnlyForDeploymentPostprocessing = 0;
		};
		EB42C2082B542AD1004C4987 /* Sources */ = {
			isa = PBXSourcesBuildPhase;
			buildActionMask = 2147483647;
			files = (
				EB42C2112B542AD2004C4987 /* HW_44_JSON_DecoderTests.swift in Sources */,
			);
			runOnlyForDeploymentPostprocessing = 0;
		};
		EB42C2122B542AD2004C4987 /* Sources */ = {
			isa = PBXSourcesBuildPhase;
			buildActionMask = 2147483647;
			files = (
				EB42C21D2B542AD2004C4987 /* HW_44_JSON_DecoderUITestsLaunchTests.swift in Sources */,
				EB42C21B2B542AD2004C4987 /* HW_44_JSON_DecoderUITests.swift in Sources */,
			);
			runOnlyForDeploymentPostprocessing = 0;
		};
/* End PBXSourcesBuildPhase section */

/* Begin PBXTargetDependency section */
		EB42C20E2B542AD1004C4987 /* PBXTargetDependency */ = {
			isa = PBXTargetDependency;
			target = EB42C1F52B542AD1004C4987 /* HW#44-JSON Decoder */;
			targetProxy = EB42C20D2B542AD1004C4987 /* PBXContainerItemProxy */;
		};
		EB42C2182B542AD2004C4987 /* PBXTargetDependency */ = {
			isa = PBXTargetDependency;
			target = EB42C1F52B542AD1004C4987 /* HW#44-JSON Decoder */;
			targetProxy = EB42C2172B542AD2004C4987 /* PBXContainerItemProxy */;
		};
/* End PBXTargetDependency section */

/* Begin PBXVariantGroup section */
		EB42C1FF2B542AD1004C4987 /* Main.storyboard */ = {
			isa = PBXVariantGroup;
			children = (
				EB42C2002B542AD1004C4987 /* Base */,
			);
			name = Main.storyboard;
			sourceTree = "<group>";
		};
		EB42C2042B542AD1004C4987 /* LaunchScreen.storyboard */ = {
			isa = PBXVariantGroup;
			children = (
				EB42C2052B542AD1004C4987 /* Base */,
			);
			name = LaunchScreen.storyboard;
			sourceTree = "<group>";
		};
/* End PBXVariantGroup section */

/* Begin XCBuildConfiguration section */
		EB42C21E2B542AD2004C4987 /* Debug */ = {
			isa = XCBuildConfiguration;
			buildSettings = {
				ALWAYS_SEARCH_USER_PATHS = NO;
				ASSETCATALOG_COMPILER_GENERATE_SWIFT_ASSET_SYMBOL_EXTENSIONS = YES;
				CLANG_ANALYZER_NONNULL = YES;
				CLANG_ANALYZER_NUMBER_OBJECT_CONVERSION = YES_AGGRESSIVE;
				CLANG_CXX_LANGUAGE_STANDARD = "gnu++20";
				CLANG_ENABLE_MODULES = YES;
				CLANG_ENABLE_OBJC_ARC = YES;
				CLANG_ENABLE_OBJC_WEAK = YES;
				CLANG_WARN_BLOCK_CAPTURE_AUTORELEASING = YES;
				CLANG_WARN_BOOL_CONVERSION = YES;
				CLANG_WARN_COMMA = YES;
				CLANG_WARN_CONSTANT_CONVERSION = YES;
				CLANG_WARN_DEPRECATED_OBJC_IMPLEMENTATIONS = YES;
				CLANG_WARN_DIRECT_OBJC_ISA_USAGE = YES_ERROR;
				CLANG_WARN_DOCUMENTATION_COMMENTS = YES;
				CLANG_WARN_EMPTY_BODY = YES;
				CLANG_WARN_ENUM_CONVERSION = YES;
				CLANG_WARN_INFINITE_RECURSION = YES;
				CLANG_WARN_INT_CONVERSION = YES;
				CLANG_WARN_NON_LITERAL_NULL_CONVERSION = YES;
				CLANG_WARN_OBJC_IMPLICIT_RETAIN_SELF = YES;
				CLANG_WARN_OBJC_LITERAL_CONVERSION = YES;
				CLANG_WARN_OBJC_ROOT_CLASS = YES_ERROR;
				CLANG_WARN_QUOTED_INCLUDE_IN_FRAMEWORK_HEADER = YES;
				CLANG_WARN_RANGE_LOOP_ANALYSIS = YES;
				CLANG_WARN_STRICT_PROTOTYPES = YES;
				CLANG_WARN_SUSPICIOUS_MOVE = YES;
				CLANG_WARN_UNGUARDED_AVAILABILITY = YES_AGGRESSIVE;
				CLANG_WARN_UNREACHABLE_CODE = YES;
				CLANG_WARN__DUPLICATE_METHOD_MATCH = YES;
				COPY_PHASE_STRIP = NO;
				DEBUG_INFORMATION_FORMAT = dwarf;
				ENABLE_STRICT_OBJC_MSGSEND = YES;
				ENABLE_TESTABILITY = YES;
				ENABLE_USER_SCRIPT_SANDBOXING = YES;
				GCC_C_LANGUAGE_STANDARD = gnu17;
				GCC_DYNAMIC_NO_PIC = NO;
				GCC_NO_COMMON_BLOCKS = YES;
				GCC_OPTIMIZATION_LEVEL = 0;
				GCC_PREPROCESSOR_DEFINITIONS = (
					"DEBUG=1",
					"$(inherited)",
				);
				GCC_WARN_64_TO_32_BIT_CONVERSION = YES;
				GCC_WARN_ABOUT_RETURN_TYPE = YES_ERROR;
				GCC_WARN_UNDECLARED_SELECTOR = YES;
				GCC_WARN_UNINITIALIZED_AUTOS = YES_AGGRESSIVE;
				GCC_WARN_UNUSED_FUNCTION = YES;
				GCC_WARN_UNUSED_VARIABLE = YES;
				IPHONEOS_DEPLOYMENT_TARGET = 17.0;
				LOCALIZATION_PREFERS_STRING_CATALOGS = YES;
				MTL_ENABLE_DEBUG_INFO = INCLUDE_SOURCE;
				MTL_FAST_MATH = YES;
				ONLY_ACTIVE_ARCH = YES;
				SDKROOT = iphoneos;
				SWIFT_ACTIVE_COMPILATION_CONDITIONS = "DEBUG $(inherited)";
				SWIFT_OPTIMIZATION_LEVEL = "-Onone";
			};
			name = Debug;
		};
		EB42C21F2B542AD2004C4987 /* Release */ = {
			isa = XCBuildConfiguration;
			buildSettings = {
				ALWAYS_SEARCH_USER_PATHS = NO;
				ASSETCATALOG_COMPILER_GENERATE_SWIFT_ASSET_SYMBOL_EXTENSIONS = YES;
				CLANG_ANALYZER_NONNULL = YES;
				CLANG_ANALYZER_NUMBER_OBJECT_CONVERSION = YES_AGGRESSIVE;
				CLANG_CXX_LANGUAGE_STANDARD = "gnu++20";
				CLANG_ENABLE_MODULES = YES;
				CLANG_ENABLE_OBJC_ARC = YES;
				CLANG_ENABLE_OBJC_WEAK = YES;
				CLANG_WARN_BLOCK_CAPTURE_AUTORELEASING = YES;
				CLANG_WARN_BOOL_CONVERSION = YES;
				CLANG_WARN_COMMA = YES;
				CLANG_WARN_CONSTANT_CONVERSION = YES;
				CLANG_WARN_DEPRECATED_OBJC_IMPLEMENTATIONS = YES;
				CLANG_WARN_DIRECT_OBJC_ISA_USAGE = YES_ERROR;
				CLANG_WARN_DOCUMENTATION_COMMENTS = YES;
				CLANG_WARN_EMPTY_BODY = YES;
				CLANG_WARN_ENUM_CONVERSION = YES;
				CLANG_WARN_INFINITE_RECURSION = YES;
				CLANG_WARN_INT_CONVERSION = YES;
				CLANG_WARN_NON_LITERAL_NULL_CONVERSION = YES;
				CLANG_WARN_OBJC_IMPLICIT_RETAIN_SELF = YES;
				CLANG_WARN_OBJC_LITERAL_CONVERSION = YES;
				CLANG_WARN_OBJC_ROOT_CLASS = YES_ERROR;
				CLANG_WARN_QUOTED_INCLUDE_IN_FRAMEWORK_HEADER = YES;
				CLANG_WARN_RANGE_LOOP_ANALYSIS = YES;
				CLANG_WARN_STRICT_PROTOTYPES = YES;
				CLANG_WARN_SUSPICIOUS_MOVE = YES;
				CLANG_WARN_UNGUARDED_AVAILABILITY = YES_AGGRESSIVE;
				CLANG_WARN_UNREACHABLE_CODE = YES;
				CLANG_WARN__DUPLICATE_METHOD_MATCH = YES;
				COPY_PHASE_STRIP = NO;
				DEBUG_INFORMATION_FORMAT = "dwarf-with-dsym";
				ENABLE_NS_ASSERTIONS = NO;
				ENABLE_STRICT_OBJC_MSGSEND = YES;
				ENABLE_USER_SCRIPT_SANDBOXING = YES;
				GCC_C_LANGUAGE_STANDARD = gnu17;
				GCC_NO_COMMON_BLOCKS = YES;
				GCC_WARN_64_TO_32_BIT_CONVERSION = YES;
				GCC_WARN_ABOUT_RETURN_TYPE = YES_ERROR;
				GCC_WARN_UNDECLARED_SELECTOR = YES;
				GCC_WARN_UNINITIALIZED_AUTOS = YES_AGGRESSIVE;
				GCC_WARN_UNUSED_FUNCTION = YES;
				GCC_WARN_UNUSED_VARIABLE = YES;
				IPHONEOS_DEPLOYMENT_TARGET = 17.0;
				LOCALIZATION_PREFERS_STRING_CATALOGS = YES;
				MTL_ENABLE_DEBUG_INFO = NO;
				MTL_FAST_MATH = YES;
				SDKROOT = iphoneos;
				SWIFT_COMPILATION_MODE = wholemodule;
				VALIDATE_PRODUCT = YES;
			};
			name = Release;
		};
		EB42C2212B542AD2004C4987 /* Debug */ = {
			isa = XCBuildConfiguration;
			buildSettings = {
				ASSETCATALOG_COMPILER_APPICON_NAME = AppIcon;
				ASSETCATALOG_COMPILER_GLOBAL_ACCENT_COLOR_NAME = AccentColor;
				CODE_SIGN_STYLE = Automatic;
				CURRENT_PROJECT_VERSION = 1;
				DEVELOPMENT_TEAM = 7NJ9W73ML8;
				GENERATE_INFOPLIST_FILE = YES;
				INFOPLIST_FILE = "HW#44-JSON Decoder/Info.plist";
				INFOPLIST_KEY_UIApplicationSupportsIndirectInputEvents = YES;
				INFOPLIST_KEY_UILaunchStoryboardName = LaunchScreen;
				INFOPLIST_KEY_UISupportedInterfaceOrientations_iPad = "UIInterfaceOrientationPortrait UIInterfaceOrientationPortraitUpsideDown UIInterfaceOrientationLandscapeLeft UIInterfaceOrientationLandscapeRight";
				INFOPLIST_KEY_UISupportedInterfaceOrientations_iPhone = "UIInterfaceOrientationPortrait UIInterfaceOrientationLandscapeLeft UIInterfaceOrientationLandscapeRight";
				LD_RUNPATH_SEARCH_PATHS = (
					"$(inherited)",
					"@executable_path/Frameworks",
				);
				MARKETING_VERSION = 1.0;
				PRODUCT_BUNDLE_IDENTIFIER = "dawei.HW-44-JSON-Decoder";
				PRODUCT_NAME = "$(TARGET_NAME)";
				SWIFT_EMIT_LOC_STRINGS = YES;
				SWIFT_VERSION = 5.0;
				TARGETED_DEVICE_FAMILY = "1,2";
			};
			name = Debug;
		};
		EB42C2222B542AD2004C4987 /* Release */ = {
			isa = XCBuildConfiguration;
			buildSettings = {
				ASSETCATALOG_COMPILER_APPICON_NAME = AppIcon;
				ASSETCATALOG_COMPILER_GLOBAL_ACCENT_COLOR_NAME = AccentColor;
				CODE_SIGN_STYLE = Automatic;
				CURRENT_PROJECT_VERSION = 1;
				DEVELOPMENT_TEAM = 7NJ9W73ML8;
				GENERATE_INFOPLIST_FILE = YES;
				INFOPLIST_FILE = "HW#44-JSON Decoder/Info.plist";
				INFOPLIST_KEY_UIApplicationSupportsIndirectInputEvents = YES;
				INFOPLIST_KEY_UILaunchStoryboardName = LaunchScreen;
				INFOPLIST_KEY_UISupportedInterfaceOrientations_iPad = "UIInterfaceOrientationPortrait UIInterfaceOrientationPortraitUpsideDown UIInterfaceOrientationLandscapeLeft UIInterfaceOrientationLandscapeRight";
				INFOPLIST_KEY_UISupportedInterfaceOrientations_iPhone = "UIInterfaceOrientationPortrait UIInterfaceOrientationLandscapeLeft UIInterfaceOrientationLandscapeRight";
				LD_RUNPATH_SEARCH_PATHS = (
					"$(inherited)",
					"@executable_path/Frameworks",
				);
				MARKETING_VERSION = 1.0;
				PRODUCT_BUNDLE_IDENTIFIER = "dawei.HW-44-JSON-Decoder";
				PRODUCT_NAME = "$(TARGET_NAME)";
				SWIFT_EMIT_LOC_STRINGS = YES;
				SWIFT_VERSION = 5.0;
				TARGETED_DEVICE_FAMILY = "1,2";
			};
			name = Release;
		};
		EB42C2242B542AD2004C4987 /* Debug */ = {
			isa = XCBuildConfiguration;
			buildSettings = {
				ALWAYS_EMBED_SWIFT_STANDARD_LIBRARIES = YES;
				BUNDLE_LOADER = "$(TEST_HOST)";
				CODE_SIGN_STYLE = Automatic;
				CURRENT_PROJECT_VERSION = 1;
				DEVELOPMENT_TEAM = 7NJ9W73ML8;
				GENERATE_INFOPLIST_FILE = YES;
				IPHONEOS_DEPLOYMENT_TARGET = 17.2;
				MARKETING_VERSION = 1.0;
				PRODUCT_BUNDLE_IDENTIFIER = "dawei.HW-44-JSON-DecoderTests";
				PRODUCT_NAME = "$(TARGET_NAME)";
				SWIFT_EMIT_LOC_STRINGS = NO;
				SWIFT_VERSION = 5.0;
				TARGETED_DEVICE_FAMILY = "1,2";
				TEST_HOST = "$(BUILT_PRODUCTS_DIR)/HW#44-JSON Decoder.app/$(BUNDLE_EXECUTABLE_FOLDER_PATH)/HW#44-JSON Decoder";
			};
			name = Debug;
		};
		EB42C2252B542AD2004C4987 /* Release */ = {
			isa = XCBuildConfiguration;
			buildSettings = {
				ALWAYS_EMBED_SWIFT_STANDARD_LIBRARIES = YES;
				BUNDLE_LOADER = "$(TEST_HOST)";
				CODE_SIGN_STYLE = Automatic;
				CURRENT_PROJECT_VERSION = 1;
				DEVELOPMENT_TEAM = 7NJ9W73ML8;
				GENERATE_INFOPLIST_FILE = YES;
				IPHONEOS_DEPLOYMENT_TARGET = 17.2;
				MARKETING_VERSION = 1.0;
				PRODUCT_BUNDLE_IDENTIFIER = "dawei.HW-44-JSON-DecoderTests";
				PRODUCT_NAME = "$(TARGET_NAME)";
				SWIFT_EMIT_LOC_STRINGS = NO;
				SWIFT_VERSION = 5.0;
				TARGETED_DEVICE_FAMILY = "1,2";
				TEST_HOST = "$(BUILT_PRODUCTS_DIR)/HW#44-JSON Decoder.app/$(BUNDLE_EXECUTABLE_FOLDER_PATH)/HW#44-JSON Decoder";
			};
			name = Release;
		};
		EB42C2272B542AD2004C4987 /* Debug */ = {
			isa = XCBuildConfiguration;
			buildSettings = {
				ALWAYS_EMBED_SWIFT_STANDARD_LIBRARIES = YES;
				CODE_SIGN_STYLE = Automatic;
				CURRENT_PROJECT_VERSION = 1;
				DEVELOPMENT_TEAM = 7NJ9W73ML8;
				GENERATE_INFOPLIST_FILE = YES;
				MARKETING_VERSION = 1.0;
				PRODUCT_BUNDLE_IDENTIFIER = "dawei.HW-44-JSON-DecoderUITests";
				PRODUCT_NAME = "$(TARGET_NAME)";
				SWIFT_EMIT_LOC_STRINGS = NO;
				SWIFT_VERSION = 5.0;
				TARGETED_DEVICE_FAMILY = "1,2";
				TEST_TARGET_NAME = "HW#44-JSON Decoder";
			};
			name = Debug;
		};
		EB42C2282B542AD2004C4987 /* Release */ = {
			isa = XCBuildConfiguration;
			buildSettings = {
				ALWAYS_EMBED_SWIFT_STANDARD_LIBRARIES = YES;
				CODE_SIGN_STYLE = Automatic;
				CURRENT_PROJECT_VERSION = 1;
				DEVELOPMENT_TEAM = 7NJ9W73ML8;
				GENERATE_INFOPLIST_FILE = YES;
				MARKETING_VERSION = 1.0;
				PRODUCT_BUNDLE_IDENTIFIER = "dawei.HW-44-JSON-DecoderUITests";
				PRODUCT_NAME = "$(TARGET_NAME)";
				SWIFT_EMIT_LOC_STRINGS = NO;
				SWIFT_VERSION = 5.0;
				TARGETED_DEVICE_FAMILY = "1,2";
				TEST_TARGET_NAME = "HW#44-JSON Decoder";
			};
			name = Release;
		};
/* End XCBuildConfiguration section */

/* Begin XCConfigurationList section */
		EB42C1F12B542AD1004C4987 /* Build configuration list for PBXProject "HW#44-JSON Decoder" */ = {
			isa = XCConfigurationList;
			buildConfigurations = (
				EB42C21E2B542AD2004C4987 /* Debug */,
				EB42C21F2B542AD2004C4987 /* Release */,
			);
			defaultConfigurationIsVisible = 0;
			defaultConfigurationName = Release;
		};
		EB42C2202B542AD2004C4987 /* Build configuration list for PBXNativeTarget "HW#44-JSON Decoder" */ = {
			isa = XCConfigurationList;
			buildConfigurations = (
				EB42C2212B542AD2004C4987 /* Debug */,
				EB42C2222B542AD2004C4987 /* Release */,
			);
			defaultConfigurationIsVisible = 0;
			defaultConfigurationName = Release;
		};
		EB42C2232B542AD2004C4987 /* Build configuration list for PBXNativeTarget "HW#44-JSON DecoderTests" */ = {
			isa = XCConfigurationList;
			buildConfigurations = (
				EB42C2242B542AD2004C4987 /* Debug */,
				EB42C2252B542AD2004C4987 /* Release */,
			);
			defaultConfigurationIsVisible = 0;
			defaultConfigurationName = Release;
		};
		EB42C2262B542AD2004C4987 /* Build configuration list for PBXNativeTarget "HW#44-JSON DecoderUITests" */ = {
			isa = XCConfigurationList;
			buildConfigurations = (
				EB42C2272B542AD2004C4987 /* Debug */,
				EB42C2282B542AD2004C4987 /* Release */,
			);
			defaultConfigurationIsVisible = 0;
			defaultConfigurationName = Release;
		};
/* End XCConfigurationList section */
	};
	rootObject = EB42C1EE2B542AD1004C4987 /* Project object */;
}
